// !$*UTF8*$!
{
	archiveVersion = 1;
	classes = {
	};
	objectVersion = 46;
	objects = {

/* Begin PBXBuildFile section */
		29847CF71A3CB4F7007A7D1A /* AppDelegate.swift in Sources */ = {isa = PBXBuildFile; fileRef = 29847CF61A3CB4F7007A7D1A /* AppDelegate.swift */; };
		29847CF91A3CB4F7007A7D1A /* ViewController.swift in Sources */ = {isa = PBXBuildFile; fileRef = 29847CF81A3CB4F7007A7D1A /* ViewController.swift */; };
		29847CFC1A3CB4F7007A7D1A /* Main.storyboard in Resources */ = {isa = PBXBuildFile; fileRef = 29847CFA1A3CB4F7007A7D1A /* Main.storyboard */; };
		29847CFE1A3CB4F7007A7D1A /* Images.xcassets in Resources */ = {isa = PBXBuildFile; fileRef = 29847CFD1A3CB4F7007A7D1A /* Images.xcassets */; };
		29847D011A3CB4F7007A7D1A /* LaunchScreen.xib in Resources */ = {isa = PBXBuildFile; fileRef = 29847CFF1A3CB4F7007A7D1A /* LaunchScreen.xib */; };
		29847D0D1A3CB4F7007A7D1A /* Postcard2Tests.swift in Sources */ = {isa = PBXBuildFile; fileRef = 29847D0C1A3CB4F7007A7D1A /* Postcard2Tests.swift */; };
/* End PBXBuildFile section */

/* Begin PBXContainerItemProxy section */
		29847D071A3CB4F7007A7D1A /* PBXContainerItemProxy */ = {
			isa = PBXContainerItemProxy;
			containerPortal = 29847CE91A3CB4F7007A7D1A /* Project object */;
			proxyType = 1;
			remoteGlobalIDString = 29847CF01A3CB4F7007A7D1A;
			remoteInfo = Postcard2;
		};
/* End PBXContainerItemProxy section */

/* Begin PBXFileReference section */
		29847CF11A3CB4F7007A7D1A /* Postcard2.app */ = {isa = PBXFileReference; explicitFileType = wrapper.application; includeInIndex = 0; path = Postcard2.app; sourceTree = BUILT_PRODUCTS_DIR; };
		29847CF51A3CB4F7007A7D1A /* Info.plist */ = {isa = PBXFileReference; lastKnownFileType = text.plist.xml; path = Info.plist; sourceTree = "<group>"; };
		29847CF61A3CB4F7007A7D1A /* AppDelegate.swift */ = {isa = PBXFileReference; lastKnownFileType = sourcecode.swift; path = AppDelegate.swift; sourceTree = "<group>"; };
		29847CF81A3CB4F7007A7D1A /* ViewController.swift */ = {isa = PBXFileReference; lastKnownFileType = sourcecode.swift; path = ViewController.swift; sourceTree = "<group>"; };
		29847CFB1A3CB4F7007A7D1A /* Base */ = {isa = PBXFileReference; lastKnownFileType = file.storyboard; name = Base; path = Base.lproj/Main.storyboard; sourceTree = "<group>"; };
		29847CFD1A3CB4F7007A7D1A /* Images.xcassets */ = {isa = PBXFileReference; lastKnownFileType = folder.assetcatalog; path = Images.xcassets; sourceTree = "<group>"; };
		29847D001A3CB4F7007A7D1A /* Base */ = {isa = PBXFileReference; lastKnownFileType = file.xib; name = Base; path = Base.lproj/LaunchScreen.xib; sourceTree = "<group>"; };
		29847D061A3CB4F7007A7D1A /* Postcard2Tests.xctest */ = {isa = PBXFileReference; explicitFileType = wrapper.cfbundle; includeInIndex = 0; path = Postcard2Tests.xctest; sourceTree = BUILT_PRODUCTS_DIR; };
		29847D0B1A3CB4F7007A7D1A /* Info.plist */ = {isa = PBXFileReference; lastKnownFileType = text.plist.xml; path = Info.plist; sourceTree = "<group>"; };
		29847D0C1A3CB4F7007A7D1A /* Postcard2Tests.swift */ = {isa = PBXFileReference; lastKnownFileType = sourcecode.swift; path = Postcard2Tests.swift; sourceTree = "<group>"; };
/* End PBXFileReference section */

/* Begin PBXFrameworksBuildPhase section */
		29847CEE1A3CB4F7007A7D1A /* Frameworks */ = {
			isa = PBXFrameworksBuildPhase;
			buildActionMask = 2147483647;
			files = (
			);
			runOnlyForDeploymentPostprocessing = 0;
		};
		29847D031A3CB4F7007A7D1A /* Frameworks */ = {
			isa = PBXFrameworksBuildPhase;
			buildActionMask = 2147483647;
			files = (
			);
			runOnlyForDeploymentPostprocessing = 0;
		};
/* End PBXFrameworksBuildPhase section */

/* Begin PBXGroup section */
		29847CE81A3CB4F7007A7D1A = {
			isa = PBXGroup;
			children = (
				29847CF31A3CB4F7007A7D1A /* Postcard2 */,
				29847D091A3CB4F7007A7D1A /* Postcard2Tests */,
				29847CF21A3CB4F7007A7D1A /* Products */,
			);
			sourceTree = "<group>";
		};
		29847CF21A3CB4F7007A7D1A /* Products */ = {
			isa = PBXGroup;
			children = (
				29847CF11A3CB4F7007A7D1A /* Postcard2.app */,
				29847D061A3CB4F7007A7D1A /* Postcard2Tests.xctest */,
			);
			name = Products;
			sourceTree = "<group>";
		};
		29847CF31A3CB4F7007A7D1A /* Postcard2 */ = {
			isa = PBXGroup;
			children = (
				29847CF61A3CB4F7007A7D1A /* AppDelegate.swift */,
				29847CF81A3CB4F7007A7D1A /* ViewController.swift */,
				29847CFA1A3CB4F7007A7D1A /* Main.storyboard */,
				29847CFD1A3CB4F7007A7D1A /* Images.xcassets */,
				29847CFF1A3CB4F7007A7D1A /* LaunchScreen.xib */,
				29847CF41A3CB4F7007A7D1A /* Supporting Files */,
			);
			path = Postcard2;
			sourceTree = "<group>";
		};
		29847CF41A3CB4F7007A7D1A /* Supporting Files */ = {
			isa = PBXGroup;
			children = (
				29847CF51A3CB4F7007A7D1A /* Info.plist */,
			);
			name = "Supporting Files";
			sourceTree = "<group>";
		};
		29847D091A3CB4F7007A7D1A /* Postcard2Tests */ = {
			isa = PBXGroup;
			children = (
				29847D0C1A3CB4F7007A7D1A /* Postcard2Tests.swift */,
				29847D0A1A3CB4F7007A7D1A /* Supporting Files */,
			);
			path = Postcard2Tests;
			sourceTree = "<group>";
		};
		29847D0A1A3CB4F7007A7D1A /* Supporting Files */ = {
			isa = PBXGroup;
			children = (
				29847D0B1A3CB4F7007A7D1A /* Info.plist */,
			);
			name = "Supporting Files";
			sourceTree = "<group>";
		};
/* End PBXGroup section */

/* Begin PBXNativeTarget section */
		29847CF01A3CB4F7007A7D1A /* Postcard2 */ = {
			isa = PBXNativeTarget;
			buildConfigurationList = 29847D101A3CB4F7007A7D1A /* Build configuration list for PBXNativeTarget "Postcard2" */;
			buildPhases = (
				29847CED1A3CB4F7007A7D1A /* Sources */,
				29847CEE1A3CB4F7007A7D1A /* Frameworks */,
				29847CEF1A3CB4F7007A7D1A /* Resources */,
			);
			buildRules = (
			);
			dependencies = (
			);
			name = Postcard2;
			productName = Postcard2;
			productReference = 29847CF11A3CB4F7007A7D1A /* Postcard2.app */;
			productType = "com.apple.product-type.application";
		};
		29847D051A3CB4F7007A7D1A /* Postcard2Tests */ = {
			isa = PBXNativeTarget;
			buildConfigurationList = 29847D131A3CB4F7007A7D1A /* Build configuration list for PBXNativeTarget "Postcard2Tests" */;
			buildPhases = (
				29847D021A3CB4F7007A7D1A /* Sources */,
				29847D031A3CB4F7007A7D1A /* Frameworks */,
				29847D041A3CB4F7007A7D1A /* Resources */,
			);
			buildRules = (
			);
			dependencies = (
				29847D081A3CB4F7007A7D1A /* PBXTargetDependency */,
			);
			name = Postcard2Tests;
			productName = Postcard2Tests;
			productReference = 29847D061A3CB4F7007A7D1A /* Postcard2Tests.xctest */;
			productType = "com.apple.product-type.bundle.unit-test";
		};
/* End PBXNativeTarget section */

/* Begin PBXProject section */
		29847CE91A3CB4F7007A7D1A /* Project object */ = {
			isa = PBXProject;
			attributes = {
				LastUpgradeCheck = 0610;
				ORGANIZATIONNAME = Joobi;
				TargetAttributes = {
					29847CF01A3CB4F7007A7D1A = {
						CreatedOnToolsVersion = 6.1.1;
					};
					29847D051A3CB4F7007A7D1A = {
						CreatedOnToolsVersion = 6.1.1;
						TestTargetID = 29847CF01A3CB4F7007A7D1A;
					};
				};
			};
			buildConfigurationList = 29847CEC1A3CB4F7007A7D1A /* Build configuration list for PBXProject "Postcard2" */;
			compatibilityVersion = "Xcode 3.2";
			developmentRegion = English;
			hasScannedForEncodings = 0;
			knownRegions = (
				en,
				Base,
			);
			mainGroup = 29847CE81A3CB4F7007A7D1A;
			productRefGroup = 29847CF21A3CB4F7007A7D1A /* Products */;
			projectDirPath = "";
			projectRoot = "";
			targets = (
				29847CF01A3CB4F7007A7D1A /* Postcard2 */,
				29847D051A3CB4F7007A7D1A /* Postcard2Tests */,
			);
		};
/* End PBXProject section */

/* Begin PBXResourcesBuildPhase section */
		29847CEF1A3CB4F7007A7D1A /* Resources */ = {
			isa = PBXResourcesBuildPhase;
			buildActionMask = 2147483647;
			files = (
				29847CFC1A3CB4F7007A7D1A /* Main.storyboard in Resources */,
				29847D011A3CB4F7007A7D1A /* LaunchScreen.xib in Resources */,
				29847CFE1A3CB4F7007A7D1A /* Images.xcassets in Resources */,
			);
			runOnlyForDeploymentPostprocessing = 0;
		};
		29847D041A3CB4F7007A7D1A /* Resources */ = {
			isa = PBXResourcesBuildPhase;
			buildActionMask = 2147483647;
			files = (
			);
			runOnlyForDeploymentPostprocessing = 0;
		};
/* End PBXResourcesBuildPhase section */

/* Begin PBXSourcesBuildPhase section */
		29847CED1A3CB4F7007A7D1A /* Sources */ = {
			isa = PBXSourcesBuildPhase;
			buildActionMask = 2147483647;
			files = (
				29847CF91A3CB4F7007A7D1A /* ViewController.swift in Sources */,
				29847CF71A3CB4F7007A7D1A /* AppDelegate.swift in Sources */,
			);
			runOnlyForDeploymentPostprocessing = 0;
		};
		29847D021A3CB4F7007A7D1A /* Sources */ = {
			isa = PBXSourcesBuildPhase;
			buildActionMask = 2147483647;
			files = (
				29847D0D1A3CB4F7007A7D1A /* Postcard2Tests.swift in Sources */,
			);
			runOnlyForDeploymentPostprocessing = 0;
		};
/* End PBXSourcesBuildPhase section */

/* Begin PBXTargetDependency section */
		29847D081A3CB4F7007A7D1A /* PBXTargetDependency */ = {
			isa = PBXTargetDependency;
			target = 29847CF01A3CB4F7007A7D1A /* Postcard2 */;
			targetProxy = 29847D071A3CB4F7007A7D1A /* PBXContainerItemProxy */;
		};
/* End PBXTargetDependency section */

/* Begin PBXVariantGroup section */
		29847CFA1A3CB4F7007A7D1A /* Main.storyboard */ = {
			isa = PBXVariantGroup;
			children = (
				29847CFB1A3CB4F7007A7D1A /* Base */,
			);
			name = Main.storyboard;
			sourceTree = "<group>";
		};
		29847CFF1A3CB4F7007A7D1A /* LaunchScreen.xib */ = {
			isa = PBXVariantGroup;
			children = (
				29847D001A3CB4F7007A7D1A /* Base */,
			);
			name = LaunchScreen.xib;
			sourceTree = "<group>";
		};
/* End PBXVariantGroup section */

/* Begin XCBuildConfiguration section */
		29847D0E1A3CB4F7007A7D1A /* Debug */ = {
			isa = XCBuildConfiguration;
			buildSettings = {
				ALWAYS_SEARCH_USER_PATHS = NO;
				CLANG_CXX_LANGUAGE_STANDARD = "gnu++0x";
				CLANG_CXX_LIBRARY = "libc++";
				CLANG_ENABLE_MODULES = YES;
				CLANG_ENABLE_OBJC_ARC = YES;
				CLANG_WARN_BOOL_CONVERSION = YES;
				CLANG_WARN_CONSTANT_CONVERSION = YES;
				CLANG_WARN_DIRECT_OBJC_ISA_USAGE = YES_ERROR;
				CLANG_WARN_EMPTY_BODY = YES;
				CLANG_WARN_ENUM_CONVERSION = YES;
				CLANG_WARN_INT_CONVERSION = YES;
				CLANG_WARN_OBJC_ROOT_CLASS = YES_ERROR;
				CLANG_WARN_UNREACHABLE_CODE = YES;
				CLANG_WARN__DUPLICATE_METHOD_MATCH = YES;
				"CODE_SIGN_IDENTITY[sdk=iphoneos*]" = "iPhone Developer";
				COPY_PHASE_STRIP = NO;
				ENABLE_STRICT_OBJC_MSGSEND = YES;
				GCC_C_LANGUAGE_STANDARD = gnu99;
				GCC_DYNAMIC_NO_PIC = NO;
				GCC_OPTIMIZATION_LEVEL = 0;
				GCC_PREPROCESSOR_DEFINITIONS = (
					"DEBUG=1",
					"$(inherited)",
				);
				GCC_SYMBOLS_PRIVATE_EXTERN = NO;
				GCC_WARN_64_TO_32_BIT_CONVERSION = YES;
				GCC_WARN_ABOUT_RETURN_TYPE = YES_ERROR;
				GCC_WARN_UNDECLARED_SELECTOR = YES;
				GCC_WARN_UNINITIALIZED_AUTOS = YES_AGGRESSIVE;
				GCC_WARN_UNUSED_FUNCTION = YES;
				GCC_WARN_UNUSED_VARIABLE = YES;
				IPHONEOS_DEPLOYMENT_TARGET = 8.1;
				MTL_ENABLE_DEBUG_INFO = YES;
				ONLY_ACTIVE_ARCH = YES;
				SDKROOT = iphoneos;
				SWIFT_OPTIMIZATION_LEVEL = "-Onone";
				TARGETED_DEVICE_FAMILY = "1,2";
			};
			name = Debug;
		};
		29847D0F1A3CB4F7007A7D1A /* Release */ = {
			isa = XCBuildConfiguration;
			buildSettings = {
				ALWAYS_SEARCH_USER_PATHS = NO;
				CLANG_CXX_LANGUAGE_STANDARD = "gnu++0x";
				CLANG_CXX_LIBRARY = "libc++";
				CLANG_ENABLE_MODULES = YES;
				CLANG_ENABLE_OBJC_ARC = YES;
				CLANG_WARN_BOOL_CONVERSION = YES;
				CLANG_WARN_CONSTANT_CONVERSION = YES;
				CLANG_WARN_DIRECT_OBJC_ISA_USAGE = YES_ERROR;
				CLANG_WARN_EMPTY_BODY = YES;
				CLANG_WARN_ENUM_CONVERSION = YES;
				CLANG_WARN_INT_CONVERSION = YES;
				CLANG_WARN_OBJC_ROOT_CLASS = YES_ERROR;
				CLANG_WARN_UNREACHABLE_CODE = YES;
				CLANG_WARN__DUPLICATE_METHOD_MATCH = YES;
				"CODE_SIGN_IDENTITY[sdk=iphoneos*]" = "iPhone Developer";
				COPY_PHASE_STRIP = YES;
				ENABLE_NS_ASSERTIONS = NO;
				ENABLE_STRICT_OBJC_MSGSEND = YES;
				GCC_C_LANGUAGE_STANDARD = gnu99;
				GCC_WARN_64_TO_32_BIT_CONVERSION = YES;
				GCC_WARN_ABOUT_RETURN_TYPE = YES_ERROR;
				GCC_WARN_UNDECLARED_SELECTOR = YES;
				GCC_WARN_UNINITIALIZED_AUTOS = YES_AGGRESSIVE;
				GCC_WARN_UNUSED_FUNCTION = YES;
				GCC_WARN_UNUSED_VARIABLE = YES;
				IPHONEOS_DEPLOYMENT_TARGET = 8.1;
				MTL_ENABLE_DEBUG_INFO = NO;
				SDKROOT = iphoneos;
				TARGETED_DEVICE_FAMILY = "1,2";
				VALIDATE_PRODUCT = YES;
			};
			name = Release;
		};
		29847D111A3CB4F7007A7D1A /* Debug */ = {
			isa = XCBuildConfiguration;
			buildSettings = {
				ASSETCATALOG_COMPILER_APPICON_NAME = AppIcon;
				INFOPLIST_FILE = Postcard2/Info.plist;
				LD_RUNPATH_SEARCH_PATHS = "$(inherited) @executable_path/Frameworks";
				PRODUCT_NAME = "$(TARGET_NAME)";
			};
			name = Debug;
		};
		29847D121A3CB4F7007A7D1A /* Release */ = {
			isa = XCBuildConfiguration;
			buildSettings = {
				ASSETCATALOG_COMPILER_APPICON_NAME = AppIcon;
				INFOPLIST_FILE = Postcard2/Info.plist;
				LD_RUNPATH_SEARCH_PATHS = "$(inherited) @executable_path/Frameworks";
				PRODUCT_NAME = "$(TARGET_NAME)";
			};
			name = Release;
		};
		29847D141A3CB4F7007A7D1A /* Debug */ = {
			isa = XCBuildConfiguration;
			buildSettings = {
				BUNDLE_LOADER = "$(TEST_HOST)";
				FRAMEWORK_SEARCH_PATHS = (
					"$(SDKROOT)/Developer/Library/Frameworks",
					"$(inherited)",
				);
				GCC_PREPROCESSOR_DEFINITIONS = (
					"DEBUG=1",
					"$(inherited)",
				);
				INFOPLIST_FILE = Postcard2Tests/Info.plist;
				LD_RUNPATH_SEARCH_PATHS = "$(inherited) @executable_path/Frameworks @loader_path/Frameworks";
				PRODUCT_NAME = "$(TARGET_NAME)";
				TEST_HOST = "$(BUILT_PRODUCTS_DIR)/Postcard2.app/Postcard2";
			};
			name = Debug;
		};
		29847D151A3CB4F7007A7D1A /* Release */ = {
			isa = XCBuildConfiguration;
			buildSettings = {
				BUNDLE_LOADER = "$(TEST_HOST)";
				FRAMEWORK_SEARCH_PATHS = (
					"$(SDKROOT)/Developer/Library/Frameworks",
					"$(inherited)",
				);
				INFOPLIST_FILE = Postcard2Tests/Info.plist;
				LD_RUNPATH_SEARCH_PATHS = "$(inherited) @executable_path/Frameworks @loader_path/Frameworks";
				PRODUCT_NAME = "$(TARGET_NAME)";
				TEST_HOST = "$(BUILT_PRODUCTS_DIR)/Postcard2.app/Postcard2";
			};
			name = Release;
		};
/* End XCBuildConfiguration section */

/* Begin XCConfigurationList section */
		29847CEC1A3CB4F7007A7D1A /* Build configuration list for PBXProject "Postcard2" */ = {
			isa = XCConfigurationList;
			buildConfigurations = (
				29847D0E1A3CB4F7007A7D1A /* Debug */,
				29847D0F1A3CB4F7007A7D1A /* Release */,
			);
			defaultConfigurationIsVisible = 0;
			defaultConfigurationName = Release;
		};
		29847D101A3CB4F7007A7D1A /* Build configuration list for PBXNativeTarget "Postcard2" */ = {
			isa = XCConfigurationList;
			buildConfigurations = (
				29847D111A3CB4F7007A7D1A /* Debug */,
				29847D121A3CB4F7007A7D1A /* Release */,
			);
			defaultConfigurationIsVisible = 0;
		};
		29847D131A3CB4F7007A7D1A /* Build configuration list for PBXNativeTarget "Postcard2Tests" */ = {
			isa = XCConfigurationList;
			buildConfigurations = (
				29847D141A3CB4F7007A7D1A /* Debug */,
				29847D151A3CB4F7007A7D1A /* Release */,
			);
			defaultConfigurationIsVisible = 0;
		};
/* End XCConfigurationList section */
	};
	rootObject = 29847CE91A3CB4F7007A7D1A /* Project object */;
}
